{
  "nodes": {
    "gen-prelude": {
      "locked": {
        "lastModified": 1791084711,
        "narHash": "sha256-8zMLG8h9s5NSjZi9kmi4zjINZtD4Y+/ecrGnzY8W1Ag=",
        "owner": "sini",
        "repo": "gen-prelude",
        "rev": "1c813d5505f318b9a0940071545cab88b26131cb",
        "type": "github"
      },
      "original": {
        "owner": "sini",
        "repo": "gen-prelude",
        "type": "github"
      }
    },
    "root": {
      "inputs": {
        "gen-prelude": "gen-prelude"
      }
    }
  },
  "root": "root",
  "version": 7
}
