{
  "nodes": {
    "gen-prelude": {
      "locked": {
        "lastModified": 1791070343,
        "narHash": "sha256-6SwoktjHG0kFXqVFYjdsP6h9m0Pj9PRcU+A5JieAFtY=",
        "owner": "sini",
        "repo": "gen-prelude",
        "rev": "40e305c3e2281327a8d28325854982658040ba36",
        "type": "github"
      },
      "original": {
        "owner": "sini",
        "repo": "gen-prelude",
        "type": "github"
      }
    },
    "root": {
      "inputs": {
        "gen-prelude": "gen-prelude"
      }
    }
  },
  "root": "root",
  "version": 7
}
