{
  "nodes": {
    "gen-prelude": {
      "locked": {
        "lastModified": 1790876123,
        "narHash": "sha256-6GsXeEFBysyDEkt/zRmzFoks27T8PYp0stCAtyqutgA=",
        "owner": "sini",
        "repo": "gen-prelude",
        "rev": "8c2879d4476b92e6b32b5ac090a608f2cfca4244",
        "type": "github"
      },
      "original": {
        "owner": "sini",
        "repo": "gen-prelude",
        "type": "github"
      }
    },
    "root": {
      "inputs": {
        "gen-prelude": "gen-prelude"
      }
    }
  },
  "root": "root",
  "version": 7
}
